uuid: 22cf8ab9-cef4-4130-be2e-c4e1bf8403b7
langcode: en
status: true
dependencies:
  module:
    - system
active_version: b168140fdcaebae5
versioned_properties:
  active:
    settings:
      default_settings:
        id: system_branding_block
        label: 'Site branding'
        label_display: '0'
        provider: system
        use_site_logo: true
        use_site_name: true
        use_site_slogan: true
    fallback_metadata:
      slot_definitions: null
label: 'Site branding'
id: block.system_branding_block
provider: system
source: block
source_local_id: system_branding_block
